
Microsoft Visual Studio Solution File, Format Version 12.00
# Visual Studio 15
VisualStudioVersion = 15.0.26730.12
MinimumVisualStudioVersion = 10.0.40219.1
Project("{2150E333-8FDC-42A3-9474-1A3956D46DE8}") = "CppCoreLibrary", "CppCoreLibrary", "{1D500000-5AA0-4DAB-8A0D-BA267F363E15}"
EndProject
Project("{2150E333-8FDC-42A3-9474-1A3956D46DE8}") = "SwigConversionLayer", "SwigConversionLayer", "{C83DF308-0C93-40E5-824E-3C5B9DA889DF}"
EndProject
Project("{2150E333-8FDC-42A3-9474-1A3956D46DE8}") = "CSharpApplications", "CSharpApplications", "{EA54F9A0-66C0-4B9E-8B3D-A753E2EC6445}"
EndProject
Project("{8BC9CEB8-8B4A-11D0-8D11-00A0C91BC942}") = "QLExtension", "CppCoreLibrary\QLExtension\QLExtension.vcxproj", "{CE998296-020C-44AD-B377-6925FAD8EC98}"
EndProject
Project("{8BC9CEB8-8B4A-11D0-8D11-00A0C91BC942}") = "NQuantLibc", "SwigConversionLayer\cpp\QuantlibWrapper_vc11.vcxproj", "{21183104-9963-4D4F-B7E8-C8A6169FD053}"
EndProject
Project("{FAE04EC0-301F-11D3-BF4B-00C04F79EFBC}") = "QLEX", "SwigConversionLayer\csharp\QLEX.csproj", "{928F98EE-7D50-457F-9304-A6818DCF1079}"
EndProject
Project("{2150E333-8FDC-42A3-9474-1A3956D46DE8}") = "swig", "swig", "{0EEA8359-DF24-4116-90B9-E5322AEECC7A}"
	ProjectSection(SolutionItems) = preProject
		SwigConversionLayer\swig\basketoptions.i = SwigConversionLayer\swig\basketoptions.i
		SwigConversionLayer\swig\bondfunctions.i = SwigConversionLayer\swig\bondfunctions.i
		SwigConversionLayer\swig\bonds.i = SwigConversionLayer\swig\bonds.i
		SwigConversionLayer\swig\calendars.i = SwigConversionLayer\swig\calendars.i
		SwigConversionLayer\swig\calibrationhelpers.i = SwigConversionLayer\swig\calibrationhelpers.i
		SwigConversionLayer\swig\callability.i = SwigConversionLayer\swig\callability.i
		SwigConversionLayer\swig\capfloor.i = SwigConversionLayer\swig\capfloor.i
		SwigConversionLayer\swig\cashflows.i = SwigConversionLayer\swig\cashflows.i
		SwigConversionLayer\swig\common.i = SwigConversionLayer\swig\common.i
		SwigConversionLayer\swig\convertiblebonds.i = SwigConversionLayer\swig\convertiblebonds.i
		SwigConversionLayer\swig\credit.i = SwigConversionLayer\swig\credit.i
		SwigConversionLayer\swig\creditdefaultswap.i = SwigConversionLayer\swig\creditdefaultswap.i
		SwigConversionLayer\swig\currencies.i = SwigConversionLayer\swig\currencies.i
		SwigConversionLayer\swig\date.i = SwigConversionLayer\swig\date.i
		SwigConversionLayer\swig\daycounters.i = SwigConversionLayer\swig\daycounters.i
		SwigConversionLayer\swig\defaultprobability.i = SwigConversionLayer\swig\defaultprobability.i
		SwigConversionLayer\swig\discountcurve.i = SwigConversionLayer\swig\discountcurve.i
		SwigConversionLayer\swig\distributions.i = SwigConversionLayer\swig\distributions.i
		SwigConversionLayer\swig\dividends.i = SwigConversionLayer\swig\dividends.i
		SwigConversionLayer\swig\exchangerates.i = SwigConversionLayer\swig\exchangerates.i
		SwigConversionLayer\swig\exercise.i = SwigConversionLayer\swig\exercise.i
		SwigConversionLayer\swig\fittedbondcurve.i = SwigConversionLayer\swig\fittedbondcurve.i
		SwigConversionLayer\swig\forwardcurve.i = SwigConversionLayer\swig\forwardcurve.i
		SwigConversionLayer\swig\fra.i = SwigConversionLayer\swig\fra.i
		SwigConversionLayer\swig\functions.i = SwigConversionLayer\swig\functions.i
		SwigConversionLayer\swig\gaussian1dmodel.i = SwigConversionLayer\swig\gaussian1dmodel.i
		SwigConversionLayer\swig\grid.i = SwigConversionLayer\swig\grid.i
		SwigConversionLayer\swig\indexes.i = SwigConversionLayer\swig\indexes.i
		SwigConversionLayer\swig\inflation.i = SwigConversionLayer\swig\inflation.i
		SwigConversionLayer\swig\instruments.i = SwigConversionLayer\swig\instruments.i
		SwigConversionLayer\swig\integrals.i = SwigConversionLayer\swig\integrals.i
		SwigConversionLayer\swig\interestrate.i = SwigConversionLayer\swig\interestrate.i
		SwigConversionLayer\swig\interpolation.i = SwigConversionLayer\swig\interpolation.i
		SwigConversionLayer\swig\linearalgebra.i = SwigConversionLayer\swig\linearalgebra.i
		SwigConversionLayer\swig\marketelements.i = SwigConversionLayer\swig\marketelements.i
		SwigConversionLayer\swig\money.i = SwigConversionLayer\swig\money.i
		SwigConversionLayer\swig\montecarlo.i = SwigConversionLayer\swig\montecarlo.i
		SwigConversionLayer\swig\null.i = SwigConversionLayer\swig\null.i
		SwigConversionLayer\swig\observer.i = SwigConversionLayer\swig\observer.i
		SwigConversionLayer\swig\old_volatility.i = SwigConversionLayer\swig\old_volatility.i
		SwigConversionLayer\swig\operators.i = SwigConversionLayer\swig\operators.i
		SwigConversionLayer\swig\optimizers.i = SwigConversionLayer\swig\optimizers.i
		SwigConversionLayer\swig\options.i = SwigConversionLayer\swig\options.i
		SwigConversionLayer\swig\payoffs.i = SwigConversionLayer\swig\payoffs.i
		SwigConversionLayer\swig\piecewiseyieldcurve.i = SwigConversionLayer\swig\piecewiseyieldcurve.i
		SwigConversionLayer\swig\ql.i = SwigConversionLayer\swig\ql.i
		SwigConversionLayer\swig\quantlib.i = SwigConversionLayer\swig\quantlib.i
		SwigConversionLayer\swig\randomnumbers.i = SwigConversionLayer\swig\randomnumbers.i
		SwigConversionLayer\swig\ratehelpers.i = SwigConversionLayer\swig\ratehelpers.i
		SwigConversionLayer\swig\rounding.i = SwigConversionLayer\swig\rounding.i
		SwigConversionLayer\swig\sampledcurve.i = SwigConversionLayer\swig\sampledcurve.i
		SwigConversionLayer\swig\scheduler.i = SwigConversionLayer\swig\scheduler.i
		SwigConversionLayer\swig\settings.i = SwigConversionLayer\swig\settings.i
		SwigConversionLayer\swig\shortratemodels.i = SwigConversionLayer\swig\shortratemodels.i
		SwigConversionLayer\swig\statistics.i = SwigConversionLayer\swig\statistics.i
		SwigConversionLayer\swig\stochasticprocess.i = SwigConversionLayer\swig\stochasticprocess.i
		SwigConversionLayer\swig\swap.i = SwigConversionLayer\swig\swap.i
		SwigConversionLayer\swig\swaption.i = SwigConversionLayer\swig\swaption.i
		SwigConversionLayer\swig\termstructures.i = SwigConversionLayer\swig\termstructures.i
		SwigConversionLayer\swig\timebasket.i = SwigConversionLayer\swig\timebasket.i
		SwigConversionLayer\swig\timeseries.i = SwigConversionLayer\swig\timeseries.i
		SwigConversionLayer\swig\tracing.i = SwigConversionLayer\swig\tracing.i
		SwigConversionLayer\swig\types.i = SwigConversionLayer\swig\types.i
		SwigConversionLayer\swig\vectors.i = SwigConversionLayer\swig\vectors.i
		SwigConversionLayer\swig\volatilities.i = SwigConversionLayer\swig\volatilities.i
		SwigConversionLayer\swig\volatilitymodels.i = SwigConversionLayer\swig\volatilitymodels.i
		SwigConversionLayer\swig\zerocurve.i = SwigConversionLayer\swig\zerocurve.i
	EndProjectSection
EndProject
Project("{FAE04EC0-301F-11D3-BF4B-00C04F79EFBC}") = "EliteQuant", "CSharpApplications\EliteQuant\EliteQuant.csproj", "{7720778C-80F7-4004-8508-283BAFA8F4E6}"
EndProject
Project("{FAE04EC0-301F-11D3-BF4B-00C04F79EFBC}") = "EliteQuantExcel", "CSharpApplications\EliteQuantExcel\EliteQuantExcel.csproj", "{E5077C71-A46A-48D3-953D-4135BEA566BE}"
EndProject
Project("{FAE04EC0-301F-11D3-BF4B-00C04F79EFBC}") = "PrototypeTest", "CSharpApplications\PrototypeTest\PrototypeTest.csproj", "{A16460A6-BD70-4741-A1A2-47E4394C8BBF}"
EndProject
Global
	GlobalSection(SolutionConfigurationPlatforms) = preSolution
		Debug|Any CPU = Debug|Any CPU
		Debug|Mixed Platforms = Debug|Mixed Platforms
		Debug|Win32 = Debug|Win32
		Debug|x64 = Debug|x64
		Debug|x86 = Debug|x86
		Release|Any CPU = Release|Any CPU
		Release|Mixed Platforms = Release|Mixed Platforms
		Release|Win32 = Release|Win32
		Release|x64 = Release|x64
		Release|x86 = Release|x86
	EndGlobalSection
	GlobalSection(ProjectConfigurationPlatforms) = postSolution
		{CE998296-020C-44AD-B377-6925FAD8EC98}.Debug|Any CPU.ActiveCfg = Debug|Win32
		{CE998296-020C-44AD-B377-6925FAD8EC98}.Debug|Mixed Platforms.ActiveCfg = Debug|Win32
		{CE998296-020C-44AD-B377-6925FAD8EC98}.Debug|Mixed Platforms.Build.0 = Debug|Win32
		{CE998296-020C-44AD-B377-6925FAD8EC98}.Debug|Win32.ActiveCfg = Debug|Win32
		{CE998296-020C-44AD-B377-6925FAD8EC98}.Debug|Win32.Build.0 = Debug|Win32
		{CE998296-020C-44AD-B377-6925FAD8EC98}.Debug|x64.ActiveCfg = Debug|x64
		{CE998296-020C-44AD-B377-6925FAD8EC98}.Debug|x64.Build.0 = Debug|x64
		{CE998296-020C-44AD-B377-6925FAD8EC98}.Debug|x86.ActiveCfg = Debug|Win32
		{CE998296-020C-44AD-B377-6925FAD8EC98}.Debug|x86.Build.0 = Debug|Win32
		{CE998296-020C-44AD-B377-6925FAD8EC98}.Release|Any CPU.ActiveCfg = Release|Win32
		{CE998296-020C-44AD-B377-6925FAD8EC98}.Release|Mixed Platforms.ActiveCfg = Release|Win32
		{CE998296-020C-44AD-B377-6925FAD8EC98}.Release|Mixed Platforms.Build.0 = Release|Win32
		{CE998296-020C-44AD-B377-6925FAD8EC98}.Release|Win32.ActiveCfg = Release|Win32
		{CE998296-020C-44AD-B377-6925FAD8EC98}.Release|Win32.Build.0 = Release|Win32
		{CE998296-020C-44AD-B377-6925FAD8EC98}.Release|x64.ActiveCfg = Release|x64
		{CE998296-020C-44AD-B377-6925FAD8EC98}.Release|x64.Build.0 = Release|x64
		{CE998296-020C-44AD-B377-6925FAD8EC98}.Release|x86.ActiveCfg = Release|Win32
		{CE998296-020C-44AD-B377-6925FAD8EC98}.Release|x86.Build.0 = Release|Win32
		{21183104-9963-4D4F-B7E8-C8A6169FD053}.Debug|Any CPU.ActiveCfg = Debug|Win32
		{21183104-9963-4D4F-B7E8-C8A6169FD053}.Debug|Mixed Platforms.ActiveCfg = Debug|Win32
		{21183104-9963-4D4F-B7E8-C8A6169FD053}.Debug|Mixed Platforms.Build.0 = Debug|Win32
		{21183104-9963-4D4F-B7E8-C8A6169FD053}.Debug|Win32.ActiveCfg = Debug|Win32
		{21183104-9963-4D4F-B7E8-C8A6169FD053}.Debug|Win32.Build.0 = Debug|Win32
		{21183104-9963-4D4F-B7E8-C8A6169FD053}.Debug|x64.ActiveCfg = Debug|x64
		{21183104-9963-4D4F-B7E8-C8A6169FD053}.Debug|x64.Build.0 = Debug|x64
		{21183104-9963-4D4F-B7E8-C8A6169FD053}.Debug|x86.ActiveCfg = Debug|Win32
		{21183104-9963-4D4F-B7E8-C8A6169FD053}.Debug|x86.Build.0 = Debug|Win32
		{21183104-9963-4D4F-B7E8-C8A6169FD053}.Release|Any CPU.ActiveCfg = Release|Win32
		{21183104-9963-4D4F-B7E8-C8A6169FD053}.Release|Mixed Platforms.ActiveCfg = Release|Win32
		{21183104-9963-4D4F-B7E8-C8A6169FD053}.Release|Mixed Platforms.Build.0 = Release|Win32
		{21183104-9963-4D4F-B7E8-C8A6169FD053}.Release|Win32.ActiveCfg = Release|Win32
		{21183104-9963-4D4F-B7E8-C8A6169FD053}.Release|Win32.Build.0 = Release|Win32
		{21183104-9963-4D4F-B7E8-C8A6169FD053}.Release|x64.ActiveCfg = Release|x64
		{21183104-9963-4D4F-B7E8-C8A6169FD053}.Release|x64.Build.0 = Release|x64
		{21183104-9963-4D4F-B7E8-C8A6169FD053}.Release|x86.ActiveCfg = Release|Win32
		{21183104-9963-4D4F-B7E8-C8A6169FD053}.Release|x86.Build.0 = Release|Win32
		{928F98EE-7D50-457F-9304-A6818DCF1079}.Debug|Any CPU.ActiveCfg = Debug|Any CPU
		{928F98EE-7D50-457F-9304-A6818DCF1079}.Debug|Any CPU.Build.0 = Debug|Any CPU
		{928F98EE-7D50-457F-9304-A6818DCF1079}.Debug|Mixed Platforms.ActiveCfg = Debug|x86
		{928F98EE-7D50-457F-9304-A6818DCF1079}.Debug|Mixed Platforms.Build.0 = Debug|x86
		{928F98EE-7D50-457F-9304-A6818DCF1079}.Debug|Win32.ActiveCfg = Debug|x86
		{928F98EE-7D50-457F-9304-A6818DCF1079}.Debug|Win32.Build.0 = Debug|x86
		{928F98EE-7D50-457F-9304-A6818DCF1079}.Debug|x64.ActiveCfg = Debug|x64
		{928F98EE-7D50-457F-9304-A6818DCF1079}.Debug|x64.Build.0 = Debug|x64
		{928F98EE-7D50-457F-9304-A6818DCF1079}.Debug|x86.ActiveCfg = Debug|x86
		{928F98EE-7D50-457F-9304-A6818DCF1079}.Debug|x86.Build.0 = Debug|x86
		{928F98EE-7D50-457F-9304-A6818DCF1079}.Release|Any CPU.ActiveCfg = Release|Any CPU
		{928F98EE-7D50-457F-9304-A6818DCF1079}.Release|Any CPU.Build.0 = Release|Any CPU
		{928F98EE-7D50-457F-9304-A6818DCF1079}.Release|Mixed Platforms.ActiveCfg = Release|x86
		{928F98EE-7D50-457F-9304-A6818DCF1079}.Release|Mixed Platforms.Build.0 = Release|x86
		{928F98EE-7D50-457F-9304-A6818DCF1079}.Release|Win32.ActiveCfg = Release|x86
		{928F98EE-7D50-457F-9304-A6818DCF1079}.Release|Win32.Build.0 = Release|x86
		{928F98EE-7D50-457F-9304-A6818DCF1079}.Release|x64.ActiveCfg = Release|x64
		{928F98EE-7D50-457F-9304-A6818DCF1079}.Release|x64.Build.0 = Release|x64
		{928F98EE-7D50-457F-9304-A6818DCF1079}.Release|x86.ActiveCfg = Release|x86
		{928F98EE-7D50-457F-9304-A6818DCF1079}.Release|x86.Build.0 = Release|x86
		{7720778C-80F7-4004-8508-283BAFA8F4E6}.Debug|Any CPU.ActiveCfg = Debug|Any CPU
		{7720778C-80F7-4004-8508-283BAFA8F4E6}.Debug|Any CPU.Build.0 = Debug|Any CPU
		{7720778C-80F7-4004-8508-283BAFA8F4E6}.Debug|Mixed Platforms.ActiveCfg = Debug|x86
		{7720778C-80F7-4004-8508-283BAFA8F4E6}.Debug|Mixed Platforms.Build.0 = Debug|x86
		{7720778C-80F7-4004-8508-283BAFA8F4E6}.Debug|Win32.ActiveCfg = Debug|x86
		{7720778C-80F7-4004-8508-283BAFA8F4E6}.Debug|Win32.Build.0 = Debug|x86
		{7720778C-80F7-4004-8508-283BAFA8F4E6}.Debug|x64.ActiveCfg = Debug|x64
		{7720778C-80F7-4004-8508-283BAFA8F4E6}.Debug|x64.Build.0 = Debug|x64
		{7720778C-80F7-4004-8508-283BAFA8F4E6}.Debug|x86.ActiveCfg = Debug|x86
		{7720778C-80F7-4004-8508-283BAFA8F4E6}.Debug|x86.Build.0 = Debug|x86
		{7720778C-80F7-4004-8508-283BAFA8F4E6}.Release|Any CPU.ActiveCfg = Release|Any CPU
		{7720778C-80F7-4004-8508-283BAFA8F4E6}.Release|Any CPU.Build.0 = Release|Any CPU
		{7720778C-80F7-4004-8508-283BAFA8F4E6}.Release|Mixed Platforms.ActiveCfg = Release|x86
		{7720778C-80F7-4004-8508-283BAFA8F4E6}.Release|Mixed Platforms.Build.0 = Release|x86
		{7720778C-80F7-4004-8508-283BAFA8F4E6}.Release|Win32.ActiveCfg = Release|x86
		{7720778C-80F7-4004-8508-283BAFA8F4E6}.Release|Win32.Build.0 = Release|x86
		{7720778C-80F7-4004-8508-283BAFA8F4E6}.Release|x64.ActiveCfg = Release|x64
		{7720778C-80F7-4004-8508-283BAFA8F4E6}.Release|x64.Build.0 = Release|x64
		{7720778C-80F7-4004-8508-283BAFA8F4E6}.Release|x86.ActiveCfg = Release|x86
		{7720778C-80F7-4004-8508-283BAFA8F4E6}.Release|x86.Build.0 = Release|x86
		{E5077C71-A46A-48D3-953D-4135BEA566BE}.Debug|Any CPU.ActiveCfg = Debug|Any CPU
		{E5077C71-A46A-48D3-953D-4135BEA566BE}.Debug|Any CPU.Build.0 = Debug|Any CPU
		{E5077C71-A46A-48D3-953D-4135BEA566BE}.Debug|Mixed Platforms.ActiveCfg = Debug|x86
		{E5077C71-A46A-48D3-953D-4135BEA566BE}.Debug|Mixed Platforms.Build.0 = Debug|x86
		{E5077C71-A46A-48D3-953D-4135BEA566BE}.Debug|Win32.ActiveCfg = Debug|x86
		{E5077C71-A46A-48D3-953D-4135BEA566BE}.Debug|Win32.Build.0 = Debug|x86
		{E5077C71-A46A-48D3-953D-4135BEA566BE}.Debug|x64.ActiveCfg = Debug|x64
		{E5077C71-A46A-48D3-953D-4135BEA566BE}.Debug|x64.Build.0 = Debug|x64
		{E5077C71-A46A-48D3-953D-4135BEA566BE}.Debug|x86.ActiveCfg = Debug|x86
		{E5077C71-A46A-48D3-953D-4135BEA566BE}.Debug|x86.Build.0 = Debug|x86
		{E5077C71-A46A-48D3-953D-4135BEA566BE}.Release|Any CPU.ActiveCfg = Release|Any CPU
		{E5077C71-A46A-48D3-953D-4135BEA566BE}.Release|Any CPU.Build.0 = Release|Any CPU
		{E5077C71-A46A-48D3-953D-4135BEA566BE}.Release|Mixed Platforms.ActiveCfg = Release|x86
		{E5077C71-A46A-48D3-953D-4135BEA566BE}.Release|Mixed Platforms.Build.0 = Release|x86
		{E5077C71-A46A-48D3-953D-4135BEA566BE}.Release|Win32.ActiveCfg = Release|x86
		{E5077C71-A46A-48D3-953D-4135BEA566BE}.Release|Win32.Build.0 = Release|x86
		{E5077C71-A46A-48D3-953D-4135BEA566BE}.Release|x64.ActiveCfg = Release|x64
		{E5077C71-A46A-48D3-953D-4135BEA566BE}.Release|x64.Build.0 = Release|x64
		{E5077C71-A46A-48D3-953D-4135BEA566BE}.Release|x86.ActiveCfg = Release|x86
		{E5077C71-A46A-48D3-953D-4135BEA566BE}.Release|x86.Build.0 = Release|x86
		{A16460A6-BD70-4741-A1A2-47E4394C8BBF}.Debug|Any CPU.ActiveCfg = Debug|Any CPU
		{A16460A6-BD70-4741-A1A2-47E4394C8BBF}.Debug|Any CPU.Build.0 = Debug|Any CPU
		{A16460A6-BD70-4741-A1A2-47E4394C8BBF}.Debug|Mixed Platforms.ActiveCfg = Debug|Any CPU
		{A16460A6-BD70-4741-A1A2-47E4394C8BBF}.Debug|Mixed Platforms.Build.0 = Debug|Any CPU
		{A16460A6-BD70-4741-A1A2-47E4394C8BBF}.Debug|Win32.ActiveCfg = Debug|Any CPU
		{A16460A6-BD70-4741-A1A2-47E4394C8BBF}.Debug|Win32.Build.0 = Debug|Any CPU
		{A16460A6-BD70-4741-A1A2-47E4394C8BBF}.Debug|x64.ActiveCfg = Debug|Any CPU
		{A16460A6-BD70-4741-A1A2-47E4394C8BBF}.Debug|x64.Build.0 = Debug|Any CPU
		{A16460A6-BD70-4741-A1A2-47E4394C8BBF}.Debug|x86.ActiveCfg = Debug|x86
		{A16460A6-BD70-4741-A1A2-47E4394C8BBF}.Debug|x86.Build.0 = Debug|x86
		{A16460A6-BD70-4741-A1A2-47E4394C8BBF}.Release|Any CPU.ActiveCfg = Release|Any CPU
		{A16460A6-BD70-4741-A1A2-47E4394C8BBF}.Release|Any CPU.Build.0 = Release|Any CPU
		{A16460A6-BD70-4741-A1A2-47E4394C8BBF}.Release|Mixed Platforms.ActiveCfg = Release|Any CPU
		{A16460A6-BD70-4741-A1A2-47E4394C8BBF}.Release|Mixed Platforms.Build.0 = Release|Any CPU
		{A16460A6-BD70-4741-A1A2-47E4394C8BBF}.Release|Win32.ActiveCfg = Release|Any CPU
		{A16460A6-BD70-4741-A1A2-47E4394C8BBF}.Release|Win32.Build.0 = Release|Any CPU
		{A16460A6-BD70-4741-A1A2-47E4394C8BBF}.Release|x64.ActiveCfg = Release|Any CPU
		{A16460A6-BD70-4741-A1A2-47E4394C8BBF}.Release|x64.Build.0 = Release|Any CPU
		{A16460A6-BD70-4741-A1A2-47E4394C8BBF}.Release|x86.ActiveCfg = Release|Any CPU
		{A16460A6-BD70-4741-A1A2-47E4394C8BBF}.Release|x86.Build.0 = Release|Any CPU
	EndGlobalSection
	GlobalSection(SolutionProperties) = preSolution
		HideSolutionNode = FALSE
	EndGlobalSection
	GlobalSection(NestedProjects) = preSolution
		{CE998296-020C-44AD-B377-6925FAD8EC98} = {1D500000-5AA0-4DAB-8A0D-BA267F363E15}
		{21183104-9963-4D4F-B7E8-C8A6169FD053} = {C83DF308-0C93-40E5-824E-3C5B9DA889DF}
		{928F98EE-7D50-457F-9304-A6818DCF1079} = {C83DF308-0C93-40E5-824E-3C5B9DA889DF}
		{0EEA8359-DF24-4116-90B9-E5322AEECC7A} = {C83DF308-0C93-40E5-824E-3C5B9DA889DF}
		{7720778C-80F7-4004-8508-283BAFA8F4E6} = {EA54F9A0-66C0-4B9E-8B3D-A753E2EC6445}
		{E5077C71-A46A-48D3-953D-4135BEA566BE} = {EA54F9A0-66C0-4B9E-8B3D-A753E2EC6445}
		{A16460A6-BD70-4741-A1A2-47E4394C8BBF} = {EA54F9A0-66C0-4B9E-8B3D-A753E2EC6445}
	EndGlobalSection
	GlobalSection(ExtensibilityGlobals) = postSolution
		SolutionGuid = {B0868DE9-B1B7-43FB-9274-56D3B548C7FB}
	EndGlobalSection
EndGlobal
